// !$*UTF8*$!
{
	archiveVersion = 1;
	classes = {
	};
	objectVersion = 50;
	objects = {

/* Begin PBXBuildFile section */
		CEDB727620B7AC0900BF15D5 /* AppDelegate.swift in Sources */ = {isa = PBXBuildFile; fileRef = CEDB727520B7AC0900BF15D5 /* AppDelegate.swift */; };
		CEDB727B20B7AC0900BF15D5 /* Main.storyboard in Resources */ = {isa = PBXBuildFile; fileRef = CEDB727920B7AC0900BF15D5 /* Main.storyboard */; };
		CEDB727E20B7AC0900BF15D5 /* BookReader.xcdatamodeld in Sources */ = {isa = PBXBuildFile; fileRef = CEDB727C20B7AC0900BF15D5 /* BookReader.xcdatamodeld */; };
		CEDB728020B7AC0B00BF15D5 /* Assets.xcassets in Resources */ = {isa = PBXBuildFile; fileRef = CEDB727F20B7AC0B00BF15D5 /* Assets.xcassets */; };
		CEDB728320B7AC0B00BF15D5 /* LaunchScreen.storyboard in Resources */ = {isa = PBXBuildFile; fileRef = CEDB728120B7AC0B00BF15D5 /* LaunchScreen.storyboard */; };
		CEDB728B20B7B32900BF15D5 /* BooksTableViewController.swift in Sources */ = {isa = PBXBuildFile; fileRef = CEDB728A20B7B32900BF15D5 /* BooksTableViewController.swift */; };
		CEDB729720B7C16B00BF15D5 /* BookTableViewCell.swift in Sources */ = {isa = PBXBuildFile; fileRef = CEDB729520B7C16B00BF15D5 /* BookTableViewCell.swift */; };
		CEDB729820B7C16B00BF15D5 /* BookTableViewCell.xib in Resources */ = {isa = PBXBuildFile; fileRef = CEDB729620B7C16B00BF15D5 /* BookTableViewCell.xib */; };
		CEDB729A20B7DE7F00BF15D5 /* Modle.swift in Sources */ = {isa = PBXBuildFile; fileRef = CEDB729920B7DE7E00BF15D5 /* Modle.swift */; };
/* End PBXBuildFile section */

/* Begin PBXFileReference section */
		CEDB727220B7AC0900BF15D5 /* BookReader.app */ = {isa = PBXFileReference; explicitFileType = wrapper.application; includeInIndex = 0; path = BookReader.app; sourceTree = BUILT_PRODUCTS_DIR; };
		CEDB727520B7AC0900BF15D5 /* AppDelegate.swift */ = {isa = PBXFileReference; lastKnownFileType = sourcecode.swift; path = AppDelegate.swift; sourceTree = "<group>"; };
		CEDB727A20B7AC0900BF15D5 /* Base */ = {isa = PBXFileReference; lastKnownFileType = file.storyboard; name = Base; path = Base.lproj/Main.storyboard; sourceTree = "<group>"; };
		CEDB727D20B7AC0900BF15D5 /* BookReader.xcdatamodel */ = {isa = PBXFileReference; lastKnownFileType = wrapper.xcdatamodel; path = BookReader.xcdatamodel; sourceTree = "<group>"; };
		CEDB727F20B7AC0B00BF15D5 /* Assets.xcassets */ = {isa = PBXFileReference; lastKnownFileType = folder.assetcatalog; path = Assets.xcassets; sourceTree = "<group>"; };
		CEDB728220B7AC0B00BF15D5 /* Base */ = {isa = PBXFileReference; lastKnownFileType = file.storyboard; name = Base; path = Base.lproj/LaunchScreen.storyboard; sourceTree = "<group>"; };
		CEDB728420B7AC0B00BF15D5 /* Info.plist */ = {isa = PBXFileReference; lastKnownFileType = text.plist.xml; path = Info.plist; sourceTree = "<group>"; };
		CEDB728A20B7B32900BF15D5 /* BooksTableViewController.swift */ = {isa = PBXFileReference; lastKnownFileType = sourcecode.swift; path = BooksTableViewController.swift; sourceTree = "<group>"; };
		CEDB729520B7C16B00BF15D5 /* BookTableViewCell.swift */ = {isa = PBXFileReference; fileEncoding = 4; lastKnownFileType = sourcecode.swift; path = BookTableViewCell.swift; sourceTree = "<group>"; };
		CEDB729620B7C16B00BF15D5 /* BookTableViewCell.xib */ = {isa = PBXFileReference; fileEncoding = 4; lastKnownFileType = file.xib; path = BookTableViewCell.xib; sourceTree = "<group>"; };
		CEDB729920B7DE7E00BF15D5 /* Modle.swift */ = {isa = PBXFileReference; lastKnownFileType = sourcecode.swift; path = Modle.swift; sourceTree = "<group>"; };
/* End PBXFileReference section */

/* Begin PBXFrameworksBuildPhase section */
		CEDB726F20B7AC0900BF15D5 /* Frameworks */ = {
			isa = PBXFrameworksBuildPhase;
			buildActionMask = 2147483647;
			files = (
			);
			runOnlyForDeploymentPostprocessing = 0;
		};
/* End PBXFrameworksBuildPhase section */

/* Begin PBXGroup section */
		CEDB726920B7AC0900BF15D5 = {
			isa = PBXGroup;
			children = (
				CEDB727420B7AC0900BF15D5 /* BookReader */,
				CEDB727320B7AC0900BF15D5 /* Products */,
			);
			sourceTree = "<group>";
		};
		CEDB727320B7AC0900BF15D5 /* Products */ = {
			isa = PBXGroup;
			children = (
				CEDB727220B7AC0900BF15D5 /* BookReader.app */,
			);
			name = Products;
			sourceTree = "<group>";
		};
		CEDB727420B7AC0900BF15D5 /* BookReader */ = {
			isa = PBXGroup;
			children = (
				CEDB729420B7C16B00BF15D5 /* view */,
				CEDB727520B7AC0900BF15D5 /* AppDelegate.swift */,
				CEDB729920B7DE7E00BF15D5 /* Modle.swift */,
				CEDB728A20B7B32900BF15D5 /* BooksTableViewController.swift */,
				CEDB727920B7AC0900BF15D5 /* Main.storyboard */,
				CEDB727F20B7AC0B00BF15D5 /* Assets.xcassets */,
				CEDB728120B7AC0B00BF15D5 /* LaunchScreen.storyboard */,
				CEDB728420B7AC0B00BF15D5 /* Info.plist */,
				CEDB727C20B7AC0900BF15D5 /* BookReader.xcdatamodeld */,
			);
			path = BookReader;
			sourceTree = "<group>";
		};
		CEDB729420B7C16B00BF15D5 /* view */ = {
			isa = PBXGroup;
			children = (
				CEDB729520B7C16B00BF15D5 /* BookTableViewCell.swift */,
				CEDB729620B7C16B00BF15D5 /* BookTableViewCell.xib */,
			);
			path = view;
			sourceTree = "<group>";
		};
/* End PBXGroup section */

/* Begin PBXNativeTarget section */
		CEDB727120B7AC0900BF15D5 /* BookReader */ = {
			isa = PBXNativeTarget;
			buildConfigurationList = CEDB728720B7AC0B00BF15D5 /* Build configuration list for PBXNativeTarget "BookReader" */;
			buildPhases = (
				CEDB726E20B7AC0900BF15D5 /* Sources */,
				CEDB726F20B7AC0900BF15D5 /* Frameworks */,
				CEDB727020B7AC0900BF15D5 /* Resources */,
			);
			buildRules = (
			);
			dependencies = (
			);
			name = BookReader;
			productName = BookReader;
			productReference = CEDB727220B7AC0900BF15D5 /* BookReader.app */;
			productType = "com.apple.product-type.application";
		};
/* End PBXNativeTarget section */

/* Begin PBXProject section */
		CEDB726A20B7AC0900BF15D5 /* Project object */ = {
			isa = PBXProject;
			attributes = {
				LastSwiftUpdateCheck = 0930;
				LastUpgradeCheck = 0930;
				ORGANIZATIONNAME = "李刚";
				TargetAttributes = {
					CEDB727120B7AC0900BF15D5 = {
						CreatedOnToolsVersion = 9.3.1;
					};
				};
			};
			buildConfigurationList = CEDB726D20B7AC0900BF15D5 /* Build configuration list for PBXProject "BookReader" */;
			compatibilityVersion = "Xcode 9.3";
			developmentRegion = en;
			hasScannedForEncodings = 0;
			knownRegions = (
				en,
				Base,
			);
			mainGroup = CEDB726920B7AC0900BF15D5;
			productRefGroup = CEDB727320B7AC0900BF15D5 /* Products */;
			projectDirPath = "";
			projectRoot = "";
			targets = (
				CEDB727120B7AC0900BF15D5 /* BookReader */,
			);
		};
/* End PBXProject section */

/* Begin PBXResourcesBuildPhase section */
		CEDB727020B7AC0900BF15D5 /* Resources */ = {
			isa = PBXResourcesBuildPhase;
			buildActionMask = 2147483647;
			files = (
				CEDB728320B7AC0B00BF15D5 /* LaunchScreen.storyboard in Resources */,
				CEDB728020B7AC0B00BF15D5 /* Assets.xcassets in Resources */,
				CEDB727B20B7AC0900BF15D5 /* Main.storyboard in Resources */,
				CEDB729820B7C16B00BF15D5 /* BookTableViewCell.xib in Resources */,
			);
			runOnlyForDeploymentPostprocessing = 0;
		};
/* End PBXResourcesBuildPhase section */

/* Begin PBXSourcesBuildPhase section */
		CEDB726E20B7AC0900BF15D5 /* Sources */ = {
			isa = PBXSourcesBuildPhase;
			buildActionMask = 2147483647;
			files = (
				CEDB729720B7C16B00BF15D5 /* BookTableViewCell.swift in Sources */,
				CEDB727E20B7AC0900BF15D5 /* BookReader.xcdatamodeld in Sources */,
				CEDB728B20B7B32900BF15D5 /* BooksTableViewController.swift in Sources */,
				CEDB729A20B7DE7F00BF15D5 /* Modle.swift in Sources */,
				CEDB727620B7AC0900BF15D5 /* AppDelegate.swift in Sources */,
			);
			runOnlyForDeploymentPostprocessing = 0;
		};
/* End PBXSourcesBuildPhase section */

/* Begin PBXVariantGroup section */
		CEDB727920B7AC0900BF15D5 /* Main.storyboard */ = {
			isa = PBXVariantGroup;
			children = (
				CEDB727A20B7AC0900BF15D5 /* Base */,
			);
			name = Main.storyboard;
			sourceTree = "<group>";
		};
		CEDB728120B7AC0B00BF15D5 /* LaunchScreen.storyboard */ = {
			isa = PBXVariantGroup;
			children = (
				CEDB728220B7AC0B00BF15D5 /* Base */,
			);
			name = LaunchScreen.storyboard;
			sourceTree = "<group>";
		};
/* End PBXVariantGroup section */

/* Begin XCBuildConfiguration section */
		CEDB728520B7AC0B00BF15D5 /* Debug */ = {
			isa = XCBuildConfiguration;
			buildSettings = {
				ALWAYS_SEARCH_USER_PATHS = NO;
				CLANG_ANALYZER_NONNULL = YES;
				CLANG_ANALYZER_NUMBER_OBJECT_CONVERSION = YES_AGGRESSIVE;
				CLANG_CXX_LANGUAGE_STANDARD = "gnu++14";
				CLANG_CXX_LIBRARY = "libc++";
				CLANG_ENABLE_MODULES = YES;
				CLANG_ENABLE_OBJC_ARC = YES;
				CLANG_ENABLE_OBJC_WEAK = YES;
				CLANG_WARN_BLOCK_CAPTURE_AUTORELEASING = YES;
				CLANG_WARN_BOOL_CONVERSION = YES;
				CLANG_WARN_COMMA = YES;
				CLANG_WARN_CONSTANT_CONVERSION = YES;
				CLANG_WARN_DEPRECATED_OBJC_IMPLEMENTATIONS = YES;
				CLANG_WARN_DIRECT_OBJC_ISA_USAGE = YES_ERROR;
				CLANG_WARN_DOCUMENTATION_COMMENTS = YES;
				CLANG_WARN_EMPTY_BODY = YES;
				CLANG_WARN_ENUM_CONVERSION = YES;
				CLANG_WARN_INFINITE_RECURSION = YES;
				CLANG_WARN_INT_CONVERSION = YES;
				CLANG_WARN_NON_LITERAL_NULL_CONVERSION = YES;
				CLANG_WARN_OBJC_IMPLICIT_RETAIN_SELF = YES;
				CLANG_WARN_OBJC_LITERAL_CONVERSION = YES;
				CLANG_WARN_OBJC_ROOT_CLASS = YES_ERROR;
				CLANG_WARN_RANGE_LOOP_ANALYSIS = YES;
				CLANG_WARN_STRICT_PROTOTYPES = YES;
				CLANG_WARN_SUSPICIOUS_MOVE = YES;
				CLANG_WARN_UNGUARDED_AVAILABILITY = YES_AGGRESSIVE;
				CLANG_WARN_UNREACHABLE_CODE = YES;
				CLANG_WARN__DUPLICATE_METHOD_MATCH = YES;
				CODE_SIGN_IDENTITY = "iPhone Developer";
				COPY_PHASE_STRIP = NO;
				DEBUG_INFORMATION_FORMAT = dwarf;
				ENABLE_STRICT_OBJC_MSGSEND = YES;
				ENABLE_TESTABILITY = YES;
				GCC_C_LANGUAGE_STANDARD = gnu11;
				GCC_DYNAMIC_NO_PIC = NO;
				GCC_NO_COMMON_BLOCKS = YES;
				GCC_OPTIMIZATION_LEVEL = 0;
				GCC_PREPROCESSOR_DEFINITIONS = (
					"DEBUG=1",
					"$(inherited)",
				);
				GCC_WARN_64_TO_32_BIT_CONVERSION = YES;
				GCC_WARN_ABOUT_RETURN_TYPE = YES_ERROR;
				GCC_WARN_UNDECLARED_SELECTOR = YES;
				GCC_WARN_UNINITIALIZED_AUTOS = YES_AGGRESSIVE;
				GCC_WARN_UNUSED_FUNCTION = YES;
				GCC_WARN_UNUSED_VARIABLE = YES;
				IPHONEOS_DEPLOYMENT_TARGET = 11.3;
				MTL_ENABLE_DEBUG_INFO = YES;
				ONLY_ACTIVE_ARCH = YES;
				SDKROOT = iphoneos;
				SWIFT_ACTIVE_COMPILATION_CONDITIONS = DEBUG;
				SWIFT_OPTIMIZATION_LEVEL = "-Onone";
			};
			name = Debug;
		};
		CEDB728620B7AC0B00BF15D5 /* Release */ = {
			isa = XCBuildConfiguration;
			buildSettings = {
				ALWAYS_SEARCH_USER_PATHS = NO;
				CLANG_ANALYZER_NONNULL = YES;
				CLANG_ANALYZER_NUMBER_OBJECT_CONVERSION = YES_AGGRESSIVE;
				CLANG_CXX_LANGUAGE_STANDARD = "gnu++14";
				CLANG_CXX_LIBRARY = "libc++";
				CLANG_ENABLE_MODULES = YES;
				CLANG_ENABLE_OBJC_ARC = YES;
				CLANG_ENABLE_OBJC_WEAK = YES;
				CLANG_WARN_BLOCK_CAPTURE_AUTORELEASING = YES;
				CLANG_WARN_BOOL_CONVERSION = YES;
				CLANG_WARN_COMMA = YES;
				CLANG_WARN_CONSTANT_CONVERSION = YES;
				CLANG_WARN_DEPRECATED_OBJC_IMPLEMENTATIONS = YES;
				CLANG_WARN_DIRECT_OBJC_ISA_USAGE = YES_ERROR;
				CLANG_WARN_DOCUMENTATION_COMMENTS = YES;
				CLANG_WARN_EMPTY_BODY = YES;
				CLANG_WARN_ENUM_CONVERSION = YES;
				CLANG_WARN_INFINITE_RECURSION = YES;
				CLANG_WARN_INT_CONVERSION = YES;
				CLANG_WARN_NON_LITERAL_NULL_CONVERSION = YES;
				CLANG_WARN_OBJC_IMPLICIT_RETAIN_SELF = YES;
				CLANG_WARN_OBJC_LITERAL_CONVERSION = YES;
				CLANG_WARN_OBJC_ROOT_CLASS = YES_ERROR;
				CLANG_WARN_RANGE_LOOP_ANALYSIS = YES;
				CLANG_WARN_STRICT_PROTOTYPES = YES;
				CLANG_WARN_SUSPICIOUS_MOVE = YES;
				CLANG_WARN_UNGUARDED_AVAILABILITY = YES_AGGRESSIVE;
				CLANG_WARN_UNREACHABLE_CODE = YES;
				CLANG_WARN__DUPLICATE_METHOD_MATCH = YES;
				CODE_SIGN_IDENTITY = "iPhone Developer";
				COPY_PHASE_STRIP = NO;
				DEBUG_INFORMATION_FORMAT = "dwarf-with-dsym";
				ENABLE_NS_ASSERTIONS = NO;
				ENABLE_STRICT_OBJC_MSGSEND = YES;
				GCC_C_LANGUAGE_STANDARD = gnu11;
				GCC_NO_COMMON_BLOCKS = YES;
				GCC_WARN_64_TO_32_BIT_CONVERSION = YES;
				GCC_WARN_ABOUT_RETURN_TYPE = YES_ERROR;
				GCC_WARN_UNDECLARED_SELECTOR = YES;
				GCC_WARN_UNINITIALIZED_AUTOS = YES_AGGRESSIVE;
				GCC_WARN_UNUSED_FUNCTION = YES;
				GCC_WARN_UNUSED_VARIABLE = YES;
				IPHONEOS_DEPLOYMENT_TARGET = 11.3;
				MTL_ENABLE_DEBUG_INFO = NO;
				SDKROOT = iphoneos;
				SWIFT_COMPILATION_MODE = wholemodule;
				SWIFT_OPTIMIZATION_LEVEL = "-O";
				VALIDATE_PRODUCT = YES;
			};
			name = Release;
		};
		CEDB728820B7AC0B00BF15D5 /* Debug */ = {
			isa = XCBuildConfiguration;
			buildSettings = {
				ASSETCATALOG_COMPILER_APPICON_NAME = AppIcon;
				CODE_SIGN_STYLE = Automatic;
				DEVELOPMENT_TEAM = KGX46L2U6T;
				INFOPLIST_FILE = BookReader/Info.plist;
				LD_RUNPATH_SEARCH_PATHS = (
					"$(inherited)",
					"@executable_path/Frameworks",
				);
				PRODUCT_BUNDLE_IDENTIFIER = cn.sunsheen.BookReader;
				PRODUCT_NAME = "$(TARGET_NAME)";
				SWIFT_VERSION = 4.0;
				TARGETED_DEVICE_FAMILY = "1,2";
			};
			name = Debug;
		};
		CEDB728920B7AC0B00BF15D5 /* Release */ = {
			isa = XCBuildConfiguration;
			buildSettings = {
				ASSETCATALOG_COMPILER_APPICON_NAME = AppIcon;
				CODE_SIGN_STYLE = Automatic;
				DEVELOPMENT_TEAM = KGX46L2U6T;
				INFOPLIST_FILE = BookReader/Info.plist;
				LD_RUNPATH_SEARCH_PATHS = (
					"$(inherited)",
					"@executable_path/Frameworks",
				);
				PRODUCT_BUNDLE_IDENTIFIER = cn.sunsheen.BookReader;
				PRODUCT_NAME = "$(TARGET_NAME)";
				SWIFT_VERSION = 4.0;
				TARGETED_DEVICE_FAMILY = "1,2";
			};
			name = Release;
		};
/* End XCBuildConfiguration section */

/* Begin XCConfigurationList section */
		CEDB726D20B7AC0900BF15D5 /* Build configuration list for PBXProject "BookReader" */ = {
			isa = XCConfigurationList;
			buildConfigurations = (
				CEDB728520B7AC0B00BF15D5 /* Debug */,
				CEDB728620B7AC0B00BF15D5 /* Release */,
			);
			defaultConfigurationIsVisible = 0;
			defaultConfigurationName = Release;
		};
		CEDB728720B7AC0B00BF15D5 /* Build configuration list for PBXNativeTarget "BookReader" */ = {
			isa = XCConfigurationList;
			buildConfigurations = (
				CEDB728820B7AC0B00BF15D5 /* Debug */,
				CEDB728920B7AC0B00BF15D5 /* Release */,
			);
			defaultConfigurationIsVisible = 0;
			defaultConfigurationName = Release;
		};
/* End XCConfigurationList section */

/* Begin XCVersionGroup section */
		CEDB727C20B7AC0900BF15D5 /* BookReader.xcdatamodeld */ = {
			isa = XCVersionGroup;
			children = (
				CEDB727D20B7AC0900BF15D5 /* BookReader.xcdatamodel */,
			);
			currentVersion = CEDB727D20B7AC0900BF15D5 /* BookReader.xcdatamodel */;
			path = BookReader.xcdatamodeld;
			sourceTree = "<group>";
			versionGroupType = wrapper.xcdatamodel;
		};
/* End XCVersionGroup section */
	};
	rootObject = CEDB726A20B7AC0900BF15D5 /* Project object */;
}
